// !$*UTF8*$!
{
	archiveVersion = 1;
	classes = {
	};
	objectVersion = 50;
	objects = {

/* Begin PBXBuildFile section */
		B543D35224981E4E0062166A /* CharactersViewModel.swift in Sources */ = {isa = PBXBuildFile; fileRef = B543D35124981E4E0062166A /* CharactersViewModel.swift */; };
		B543D354249820610062166A /* CharactersViewController.swift in Sources */ = {isa = PBXBuildFile; fileRef = B543D353249820610062166A /* CharactersViewController.swift */; };
		B587F4DD249A9DF800D80F7B /* CharactersCollectionViewListCell.swift in Sources */ = {isa = PBXBuildFile; fileRef = B587F4DC249A9DF800D80F7B /* CharactersCollectionViewListCell.swift */; };
		B5A3F97B2497F8F100192843 /* AppDelegate.swift in Sources */ = {isa = PBXBuildFile; fileRef = B5A3F97A2497F8F100192843 /* AppDelegate.swift */; };
		B5A3F9842497F8F300192843 /* Assets.xcassets in Resources */ = {isa = PBXBuildFile; fileRef = B5A3F9832497F8F300192843 /* Assets.xcassets */; };
		B5A3F9872497F8F300192843 /* LaunchScreen.storyboard in Resources */ = {isa = PBXBuildFile; fileRef = B5A3F9852497F8F300192843 /* LaunchScreen.storyboard */; };
		B5A3F9922497F8F300192843 /* SkeletonMarvelTests.swift in Sources */ = {isa = PBXBuildFile; fileRef = B5A3F9912497F8F300192843 /* SkeletonMarvelTests.swift */; };
		B5A3F9A12498027900192843 /* Coordinator.swift in Sources */ = {isa = PBXBuildFile; fileRef = B5A3F9A02498027900192843 /* Coordinator.swift */; };
		B5A3F9A32498029D00192843 /* RootCoordinator.swift in Sources */ = {isa = PBXBuildFile; fileRef = B5A3F9A22498029D00192843 /* RootCoordinator.swift */; };
		B5A3F9A62498088600192843 /* ResponseModel.swift in Sources */ = {isa = PBXBuildFile; fileRef = B5A3F9A52498088600192843 /* ResponseModel.swift */; };
		B5A3F9A8249808DB00192843 /* CharactersDataController.swift in Sources */ = {isa = PBXBuildFile; fileRef = B5A3F9A7249808DB00192843 /* CharactersDataController.swift */; };
		B5A3F9AA24980C7E00192843 /* APIKeys.swift in Sources */ = {isa = PBXBuildFile; fileRef = B5A3F9A924980C7E00192843 /* APIKeys.swift */; };
		B5E17724249C158200530126 /* SkeletonView.swift in Sources */ = {isa = PBXBuildFile; fileRef = B5E17723249C158200530126 /* SkeletonView.swift */; };
/* End PBXBuildFile section */

/* Begin PBXContainerItemProxy section */
		B5A3F98E2497F8F300192843 /* PBXContainerItemProxy */ = {
			isa = PBXContainerItemProxy;
			containerPortal = B5A3F96F2497F8F100192843 /* Project object */;
			proxyType = 1;
			remoteGlobalIDString = B5A3F9762497F8F100192843;
			remoteInfo = SkeletonMarvel;
		};
/* End PBXContainerItemProxy section */

/* Begin PBXFileReference section */
		B543D35124981E4E0062166A /* CharactersViewModel.swift */ = {isa = PBXFileReference; lastKnownFileType = sourcecode.swift; path = CharactersViewModel.swift; sourceTree = "<group>"; };
		B543D353249820610062166A /* CharactersViewController.swift */ = {isa = PBXFileReference; lastKnownFileType = sourcecode.swift; path = CharactersViewController.swift; sourceTree = "<group>"; };
		B587F4DC249A9DF800D80F7B /* CharactersCollectionViewListCell.swift */ = {isa = PBXFileReference; lastKnownFileType = sourcecode.swift; path = CharactersCollectionViewListCell.swift; sourceTree = "<group>"; };
		B5A3F9772497F8F100192843 /* SkeletonMarvel.app */ = {isa = PBXFileReference; explicitFileType = wrapper.application; includeInIndex = 0; path = SkeletonMarvel.app; sourceTree = BUILT_PRODUCTS_DIR; };
		B5A3F97A2497F8F100192843 /* AppDelegate.swift */ = {isa = PBXFileReference; lastKnownFileType = sourcecode.swift; path = AppDelegate.swift; sourceTree = "<group>"; };
		B5A3F9832497F8F300192843 /* Assets.xcassets */ = {isa = PBXFileReference; lastKnownFileType = folder.assetcatalog; path = Assets.xcassets; sourceTree = "<group>"; };
		B5A3F9862497F8F300192843 /* Base */ = {isa = PBXFileReference; lastKnownFileType = file.storyboard; name = Base; path = Base.lproj/LaunchScreen.storyboard; sourceTree = "<group>"; };
		B5A3F9882497F8F300192843 /* Info.plist */ = {isa = PBXFileReference; lastKnownFileType = text.plist.xml; path = Info.plist; sourceTree = "<group>"; };
		B5A3F98D2497F8F300192843 /* SkeletonMarvelTests.xctest */ = {isa = PBXFileReference; explicitFileType = wrapper.cfbundle; includeInIndex = 0; path = SkeletonMarvelTests.xctest; sourceTree = BUILT_PRODUCTS_DIR; };
		B5A3F9912497F8F300192843 /* SkeletonMarvelTests.swift */ = {isa = PBXFileReference; lastKnownFileType = sourcecode.swift; path = SkeletonMarvelTests.swift; sourceTree = "<group>"; };
		B5A3F9932497F8F300192843 /* Info.plist */ = {isa = PBXFileReference; lastKnownFileType = text.plist.xml; path = Info.plist; sourceTree = "<group>"; };
		B5A3F9A02498027900192843 /* Coordinator.swift */ = {isa = PBXFileReference; lastKnownFileType = sourcecode.swift; path = Coordinator.swift; sourceTree = "<group>"; };
		B5A3F9A22498029D00192843 /* RootCoordinator.swift */ = {isa = PBXFileReference; lastKnownFileType = sourcecode.swift; path = RootCoordinator.swift; sourceTree = "<group>"; };
		B5A3F9A52498088600192843 /* ResponseModel.swift */ = {isa = PBXFileReference; lastKnownFileType = sourcecode.swift; path = ResponseModel.swift; sourceTree = "<group>"; };
		B5A3F9A7249808DB00192843 /* CharactersDataController.swift */ = {isa = PBXFileReference; lastKnownFileType = sourcecode.swift; path = CharactersDataController.swift; sourceTree = "<group>"; };
		B5A3F9A924980C7E00192843 /* APIKeys.swift */ = {isa = PBXFileReference; lastKnownFileType = sourcecode.swift; path = APIKeys.swift; sourceTree = "<group>"; };
		B5E17723249C158200530126 /* SkeletonView.swift */ = {isa = PBXFileReference; lastKnownFileType = sourcecode.swift; path = SkeletonView.swift; sourceTree = "<group>"; };
/* End PBXFileReference section */

/* Begin PBXFrameworksBuildPhase section */
		B5A3F9742497F8F100192843 /* Frameworks */ = {
			isa = PBXFrameworksBuildPhase;
			buildActionMask = 2147483647;
			files = (
			);
			runOnlyForDeploymentPostprocessing = 0;
		};
		B5A3F98A2497F8F300192843 /* Frameworks */ = {
			isa = PBXFrameworksBuildPhase;
			buildActionMask = 2147483647;
			files = (
			);
			runOnlyForDeploymentPostprocessing = 0;
		};
/* End PBXFrameworksBuildPhase section */

/* Begin PBXGroup section */
		B5313F4A249C024900D77F02 /* Sources */ = {
			isa = PBXGroup;
			children = (
				B5E17722249C156B00530126 /* Views */,
				B543D35024981E370062166A /* Characters */,
				B5A3F99F2498026000192843 /* Coordinators */,
				B5A3F9A42498087700192843 /* Networking */,
			);
			path = Sources;
			sourceTree = "<group>";
		};
		B543D35024981E370062166A /* Characters */ = {
			isa = PBXGroup;
			children = (
				B543D35124981E4E0062166A /* CharactersViewModel.swift */,
				B543D353249820610062166A /* CharactersViewController.swift */,
				B587F4DC249A9DF800D80F7B /* CharactersCollectionViewListCell.swift */,
			);
			path = Characters;
			sourceTree = "<group>";
		};
		B5A3F96E2497F8F100192843 = {
			isa = PBXGroup;
			children = (
				B5A3F9792497F8F100192843 /* SkeletonMarvel */,
				B5A3F9902497F8F300192843 /* SkeletonMarvelTests */,
				B5A3F9782497F8F100192843 /* Products */,
			);
			sourceTree = "<group>";
		};
		B5A3F9782497F8F100192843 /* Products */ = {
			isa = PBXGroup;
			children = (
				B5A3F9772497F8F100192843 /* SkeletonMarvel.app */,
				B5A3F98D2497F8F300192843 /* SkeletonMarvelTests.xctest */,
			);
			name = Products;
			sourceTree = "<group>";
		};
		B5A3F9792497F8F100192843 /* SkeletonMarvel */ = {
			isa = PBXGroup;
			children = (
				B5A3F97A2497F8F100192843 /* AppDelegate.swift */,
				B5A3F9832497F8F300192843 /* Assets.xcassets */,
				B5A3F9882497F8F300192843 /* Info.plist */,
				B5A3F9852497F8F300192843 /* LaunchScreen.storyboard */,
				B5313F4A249C024900D77F02 /* Sources */,
			);
			path = SkeletonMarvel;
			sourceTree = "<group>";
		};
		B5A3F9902497F8F300192843 /* SkeletonMarvelTests */ = {
			isa = PBXGroup;
			children = (
				B5A3F9912497F8F300192843 /* SkeletonMarvelTests.swift */,
				B5A3F9932497F8F300192843 /* Info.plist */,
			);
			path = SkeletonMarvelTests;
			sourceTree = "<group>";
		};
		B5A3F99F2498026000192843 /* Coordinators */ = {
			isa = PBXGroup;
			children = (
				B5A3F9A02498027900192843 /* Coordinator.swift */,
				B5A3F9A22498029D00192843 /* RootCoordinator.swift */,
			);
			path = Coordinators;
			sourceTree = "<group>";
		};
		B5A3F9A42498087700192843 /* Networking */ = {
			isa = PBXGroup;
			children = (
				B5A3F9A52498088600192843 /* ResponseModel.swift */,
				B5A3F9A7249808DB00192843 /* CharactersDataController.swift */,
				B5A3F9A924980C7E00192843 /* APIKeys.swift */,
			);
			path = Networking;
			sourceTree = "<group>";
		};
		B5E17722249C156B00530126 /* Views */ = {
			isa = PBXGroup;
			children = (
				B5E17723249C158200530126 /* SkeletonView.swift */,
			);
			path = Views;
			sourceTree = "<group>";
		};
/* End PBXGroup section */

/* Begin PBXNativeTarget section */
		B5A3F9762497F8F100192843 /* SkeletonMarvel */ = {
			isa = PBXNativeTarget;
			buildConfigurationList = B5A3F9962497F8F300192843 /* Build configuration list for PBXNativeTarget "SkeletonMarvel" */;
			buildPhases = (
				B5A3F9732497F8F100192843 /* Sources */,
				B5A3F9742497F8F100192843 /* Frameworks */,
				B5A3F9752497F8F100192843 /* Resources */,
			);
			buildRules = (
			);
			dependencies = (
			);
			name = SkeletonMarvel;
			productName = SkeletonMarvel;
			productReference = B5A3F9772497F8F100192843 /* SkeletonMarvel.app */;
			productType = "com.apple.product-type.application";
		};
		B5A3F98C2497F8F300192843 /* SkeletonMarvelTests */ = {
			isa = PBXNativeTarget;
			buildConfigurationList = B5A3F9992497F8F300192843 /* Build configuration list for PBXNativeTarget "SkeletonMarvelTests" */;
			buildPhases = (
				B5A3F9892497F8F300192843 /* Sources */,
				B5A3F98A2497F8F300192843 /* Frameworks */,
				B5A3F98B2497F8F300192843 /* Resources */,
			);
			buildRules = (
			);
			dependencies = (
				B5A3F98F2497F8F300192843 /* PBXTargetDependency */,
			);
			name = SkeletonMarvelTests;
			productName = SkeletonMarvelTests;
			productReference = B5A3F98D2497F8F300192843 /* SkeletonMarvelTests.xctest */;
			productType = "com.apple.product-type.bundle.unit-test";
		};
/* End PBXNativeTarget section */

/* Begin PBXProject section */
		B5A3F96F2497F8F100192843 /* Project object */ = {
			isa = PBXProject;
			attributes = {
				LastSwiftUpdateCheck = 1150;
				LastUpgradeCheck = 1150;
				ORGANIZATIONNAME = "Mathilde Ferrand";
				TargetAttributes = {
					B5A3F9762497F8F100192843 = {
						CreatedOnToolsVersion = 11.5;
					};
					B5A3F98C2497F8F300192843 = {
						CreatedOnToolsVersion = 11.5;
						TestTargetID = B5A3F9762497F8F100192843;
					};
				};
			};
			buildConfigurationList = B5A3F9722497F8F100192843 /* Build configuration list for PBXProject "SkeletonMarvel" */;
			compatibilityVersion = "Xcode 9.3";
			developmentRegion = en;
			hasScannedForEncodings = 0;
			knownRegions = (
				en,
				Base,
			);
			mainGroup = B5A3F96E2497F8F100192843;
			productRefGroup = B5A3F9782497F8F100192843 /* Products */;
			projectDirPath = "";
			projectRoot = "";
			targets = (
				B5A3F9762497F8F100192843 /* SkeletonMarvel */,
				B5A3F98C2497F8F300192843 /* SkeletonMarvelTests */,
			);
		};
/* End PBXProject section */

/* Begin PBXResourcesBuildPhase section */
		B5A3F9752497F8F100192843 /* Resources */ = {
			isa = PBXResourcesBuildPhase;
			buildActionMask = 2147483647;
			files = (
				B5A3F9872497F8F300192843 /* LaunchScreen.storyboard in Resources */,
				B5A3F9842497F8F300192843 /* Assets.xcassets in Resources */,
			);
			runOnlyForDeploymentPostprocessing = 0;
		};
		B5A3F98B2497F8F300192843 /* Resources */ = {
			isa = PBXResourcesBuildPhase;
			buildActionMask = 2147483647;
			files = (
			);
			runOnlyForDeploymentPostprocessing = 0;
		};
/* End PBXResourcesBuildPhase section */

/* Begin PBXSourcesBuildPhase section */
		B5A3F9732497F8F100192843 /* Sources */ = {
			isa = PBXSourcesBuildPhase;
			buildActionMask = 2147483647;
			files = (
				B543D35224981E4E0062166A /* CharactersViewModel.swift in Sources */,
				B5E17724249C158200530126 /* SkeletonView.swift in Sources */,
				B5A3F9A32498029D00192843 /* RootCoordinator.swift in Sources */,
				B587F4DD249A9DF800D80F7B /* CharactersCollectionViewListCell.swift in Sources */,
				B5A3F9AA24980C7E00192843 /* APIKeys.swift in Sources */,
				B5A3F97B2497F8F100192843 /* AppDelegate.swift in Sources */,
				B5A3F9A8249808DB00192843 /* CharactersDataController.swift in Sources */,
				B5A3F9A62498088600192843 /* ResponseModel.swift in Sources */,
				B5A3F9A12498027900192843 /* Coordinator.swift in Sources */,
				B543D354249820610062166A /* CharactersViewController.swift in Sources */,
			);
			runOnlyForDeploymentPostprocessing = 0;
		};
		B5A3F9892497F8F300192843 /* Sources */ = {
			isa = PBXSourcesBuildPhase;
			buildActionMask = 2147483647;
			files = (
				B5A3F9922497F8F300192843 /* SkeletonMarvelTests.swift in Sources */,
			);
			runOnlyForDeploymentPostprocessing = 0;
		};
/* End PBXSourcesBuildPhase section */

/* Begin PBXTargetDependency section */
		B5A3F98F2497F8F300192843 /* PBXTargetDependency */ = {
			isa = PBXTargetDependency;
			target = B5A3F9762497F8F100192843 /* SkeletonMarvel */;
			targetProxy = B5A3F98E2497F8F300192843 /* PBXContainerItemProxy */;
		};
/* End PBXTargetDependency section */

/* Begin PBXVariantGroup section */
		B5A3F9852497F8F300192843 /* LaunchScreen.storyboard */ = {
			isa = PBXVariantGroup;
			children = (
				B5A3F9862497F8F300192843 /* Base */,
			);
			name = LaunchScreen.storyboard;
			sourceTree = "<group>";
		};
/* End PBXVariantGroup section */

/* Begin XCBuildConfiguration section */
		B5A3F9942497F8F300192843 /* Debug */ = {
			isa = XCBuildConfiguration;
			buildSettings = {
				ALWAYS_SEARCH_USER_PATHS = NO;
				CLANG_ANALYZER_NONNULL = YES;
				CLANG_ANALYZER_NUMBER_OBJECT_CONVERSION = YES_AGGRESSIVE;
				CLANG_CXX_LANGUAGE_STANDARD = "gnu++14";
				CLANG_CXX_LIBRARY = "libc++";
				CLANG_ENABLE_MODULES = YES;
				CLANG_ENABLE_OBJC_ARC = YES;
				CLANG_ENABLE_OBJC_WEAK = YES;
				CLANG_WARN_BLOCK_CAPTURE_AUTORELEASING = YES;
				CLANG_WARN_BOOL_CONVERSION = YES;
				CLANG_WARN_COMMA = YES;
				CLANG_WARN_CONSTANT_CONVERSION = YES;
				CLANG_WARN_DEPRECATED_OBJC_IMPLEMENTATIONS = YES;
				CLANG_WARN_DIRECT_OBJC_ISA_USAGE = YES_ERROR;
				CLANG_WARN_DOCUMENTATION_COMMENTS = YES;
				CLANG_WARN_EMPTY_BODY = YES;
				CLANG_WARN_ENUM_CONVERSION = YES;
				CLANG_WARN_INFINITE_RECURSION = YES;
				CLANG_WARN_INT_CONVERSION = YES;
				CLANG_WARN_NON_LITERAL_NULL_CONVERSION = YES;
				CLANG_WARN_OBJC_IMPLICIT_RETAIN_SELF = YES;
				CLANG_WARN_OBJC_LITERAL_CONVERSION = YES;
				CLANG_WARN_OBJC_ROOT_CLASS = YES_ERROR;
				CLANG_WARN_RANGE_LOOP_ANALYSIS = YES;
				CLANG_WARN_STRICT_PROTOTYPES = YES;
				CLANG_WARN_SUSPICIOUS_MOVE = YES;
				CLANG_WARN_UNGUARDED_AVAILABILITY = YES_AGGRESSIVE;
				CLANG_WARN_UNREACHABLE_CODE = YES;
				CLANG_WARN__DUPLICATE_METHOD_MATCH = YES;
				COPY_PHASE_STRIP = NO;
				DEBUG_INFORMATION_FORMAT = dwarf;
				ENABLE_STRICT_OBJC_MSGSEND = YES;
				ENABLE_TESTABILITY = YES;
				GCC_C_LANGUAGE_STANDARD = gnu11;
				GCC_DYNAMIC_NO_PIC = NO;
				GCC_NO_COMMON_BLOCKS = YES;
				GCC_OPTIMIZATION_LEVEL = 0;
				GCC_PREPROCESSOR_DEFINITIONS = (
					"DEBUG=1",
					"$(inherited)",
				);
				GCC_WARN_64_TO_32_BIT_CONVERSION = YES;
				GCC_WARN_ABOUT_RETURN_TYPE = YES_ERROR;
				GCC_WARN_UNDECLARED_SELECTOR = YES;
				GCC_WARN_UNINITIALIZED_AUTOS = YES_AGGRESSIVE;
				GCC_WARN_UNUSED_FUNCTION = YES;
				GCC_WARN_UNUSED_VARIABLE = YES;
				IPHONEOS_DEPLOYMENT_TARGET = 13.5;
				MTL_ENABLE_DEBUG_INFO = INCLUDE_SOURCE;
				MTL_FAST_MATH = YES;
				ONLY_ACTIVE_ARCH = YES;
				SDKROOT = iphoneos;
				SWIFT_ACTIVE_COMPILATION_CONDITIONS = DEBUG;
				SWIFT_OPTIMIZATION_LEVEL = "-Onone";
			};
			name = Debug;
		};
		B5A3F9952497F8F300192843 /* Release */ = {
			isa = XCBuildConfiguration;
			buildSettings = {
				ALWAYS_SEARCH_USER_PATHS = NO;
				CLANG_ANALYZER_NONNULL = YES;
				CLANG_ANALYZER_NUMBER_OBJECT_CONVERSION = YES_AGGRESSIVE;
				CLANG_CXX_LANGUAGE_STANDARD = "gnu++14";
				CLANG_CXX_LIBRARY = "libc++";
				CLANG_ENABLE_MODULES = YES;
				CLANG_ENABLE_OBJC_ARC = YES;
				CLANG_ENABLE_OBJC_WEAK = YES;
				CLANG_WARN_BLOCK_CAPTURE_AUTORELEASING = YES;
				CLANG_WARN_BOOL_CONVERSION = YES;
				CLANG_WARN_COMMA = YES;
				CLANG_WARN_CONSTANT_CONVERSION = YES;
				CLANG_WARN_DEPRECATED_OBJC_IMPLEMENTATIONS = YES;
				CLANG_WARN_DIRECT_OBJC_ISA_USAGE = YES_ERROR;
				CLANG_WARN_DOCUMENTATION_COMMENTS = YES;
				CLANG_WARN_EMPTY_BODY = YES;
				CLANG_WARN_ENUM_CONVERSION = YES;
				CLANG_WARN_INFINITE_RECURSION = YES;
				CLANG_WARN_INT_CONVERSION = YES;
				CLANG_WARN_NON_LITERAL_NULL_CONVERSION = YES;
				CLANG_WARN_OBJC_IMPLICIT_RETAIN_SELF = YES;
				CLANG_WARN_OBJC_LITERAL_CONVERSION = YES;
				CLANG_WARN_OBJC_ROOT_CLASS = YES_ERROR;
				CLANG_WARN_RANGE_LOOP_ANALYSIS = YES;
				CLANG_WARN_STRICT_PROTOTYPES = YES;
				CLANG_WARN_SUSPICIOUS_MOVE = YES;
				CLANG_WARN_UNGUARDED_AVAILABILITY = YES_AGGRESSIVE;
				CLANG_WARN_UNREACHABLE_CODE = YES;
				CLANG_WARN__DUPLICATE_METHOD_MATCH = YES;
				COPY_PHASE_STRIP = NO;
				DEBUG_INFORMATION_FORMAT = "dwarf-with-dsym";
				ENABLE_NS_ASSERTIONS = NO;
				ENABLE_STRICT_OBJC_MSGSEND = YES;
				GCC_C_LANGUAGE_STANDARD = gnu11;
				GCC_NO_COMMON_BLOCKS = YES;
				GCC_WARN_64_TO_32_BIT_CONVERSION = YES;
				GCC_WARN_ABOUT_RETURN_TYPE = YES_ERROR;
				GCC_WARN_UNDECLARED_SELECTOR = YES;
				GCC_WARN_UNINITIALIZED_AUTOS = YES_AGGRESSIVE;
				GCC_WARN_UNUSED_FUNCTION = YES;
				GCC_WARN_UNUSED_VARIABLE = YES;
				IPHONEOS_DEPLOYMENT_TARGET = 13.5;
				MTL_ENABLE_DEBUG_INFO = NO;
				MTL_FAST_MATH = YES;
				SDKROOT = iphoneos;
				SWIFT_COMPILATION_MODE = wholemodule;
				SWIFT_OPTIMIZATION_LEVEL = "-O";
				VALIDATE_PRODUCT = YES;
			};
			name = Release;
		};
		B5A3F9972497F8F300192843 /* Debug */ = {
			isa = XCBuildConfiguration;
			buildSettings = {
				ASSETCATALOG_COMPILER_APPICON_NAME = AppIcon;
				CODE_SIGN_STYLE = Automatic;
				INFOPLIST_FILE = SkeletonMarvel/Info.plist;
				IPHONEOS_DEPLOYMENT_TARGET = 14.0;
				LD_RUNPATH_SEARCH_PATHS = (
					"$(inherited)",
					"@executable_path/Frameworks",
				);
				PRODUCT_BUNDLE_IDENTIFIER = com.mathildeferrand.SkeletonMarvel;
				PRODUCT_NAME = "$(TARGET_NAME)";
				SWIFT_VERSION = 5.0;
				TARGETED_DEVICE_FAMILY = "1,2";
			};
			name = Debug;
		};
		B5A3F9982497F8F300192843 /* Release */ = {
			isa = XCBuildConfiguration;
			buildSettings = {
				ASSETCATALOG_COMPILER_APPICON_NAME = AppIcon;
				CODE_SIGN_STYLE = Automatic;
				INFOPLIST_FILE = SkeletonMarvel/Info.plist;
				IPHONEOS_DEPLOYMENT_TARGET = 14.0;
				LD_RUNPATH_SEARCH_PATHS = (
					"$(inherited)",
					"@executable_path/Frameworks",
				);
				PRODUCT_BUNDLE_IDENTIFIER = com.mathildeferrand.SkeletonMarvel;
				PRODUCT_NAME = "$(TARGET_NAME)";
				SWIFT_VERSION = 5.0;
				TARGETED_DEVICE_FAMILY = "1,2";
			};
			name = Release;
		};
		B5A3F99A2497F8F300192843 /* Debug */ = {
			isa = XCBuildConfiguration;
			buildSettings = {
				ALWAYS_EMBED_SWIFT_STANDARD_LIBRARIES = YES;
				BUNDLE_LOADER = "$(TEST_HOST)";
				CODE_SIGN_STYLE = Automatic;
				INFOPLIST_FILE = SkeletonMarvelTests/Info.plist;
				IPHONEOS_DEPLOYMENT_TARGET = 13.5;
				LD_RUNPATH_SEARCH_PATHS = (
					"$(inherited)",
					"@executable_path/Frameworks",
					"@loader_path/Frameworks",
				);
				PRODUCT_BUNDLE_IDENTIFIER = com.mathildeferrand.SkeletonMarvelTests;
				PRODUCT_NAME = "$(TARGET_NAME)";
				SWIFT_VERSION = 5.0;
				TARGETED_DEVICE_FAMILY = "1,2";
				TEST_HOST = "$(BUILT_PRODUCTS_DIR)/SkeletonMarvel.app/SkeletonMarvel";
			};
			name = Debug;
		};
		B5A3F99B2497F8F300192843 /* Release */ = {
			isa = XCBuildConfiguration;
			buildSettings = {
				ALWAYS_EMBED_SWIFT_STANDARD_LIBRARIES = YES;
				BUNDLE_LOADER = "$(TEST_HOST)";
				CODE_SIGN_STYLE = Automatic;
				INFOPLIST_FILE = SkeletonMarvelTests/Info.plist;
				IPHONEOS_DEPLOYMENT_TARGET = 13.5;
				LD_RUNPATH_SEARCH_PATHS = (
					"$(inherited)",
					"@executable_path/Frameworks",
					"@loader_path/Frameworks",
				);
				PRODUCT_BUNDLE_IDENTIFIER = com.mathildeferrand.SkeletonMarvelTests;
				PRODUCT_NAME = "$(TARGET_NAME)";
				SWIFT_VERSION = 5.0;
				TARGETED_DEVICE_FAMILY = "1,2";
				TEST_HOST = "$(BUILT_PRODUCTS_DIR)/SkeletonMarvel.app/SkeletonMarvel";
			};
			name = Release;
		};
/* End XCBuildConfiguration section */

/* Begin XCConfigurationList section */
		B5A3F9722497F8F100192843 /* Build configuration list for PBXProject "SkeletonMarvel" */ = {
			isa = XCConfigurationList;
			buildConfigurations = (
				B5A3F9942497F8F300192843 /* Debug */,
				B5A3F9952497F8F300192843 /* Release */,
			);
			defaultConfigurationIsVisible = 0;
			defaultConfigurationName = Release;
		};
		B5A3F9962497F8F300192843 /* Build configuration list for PBXNativeTarget "SkeletonMarvel" */ = {
			isa = XCConfigurationList;
			buildConfigurations = (
				B5A3F9972497F8F300192843 /* Debug */,
				B5A3F9982497F8F300192843 /* Release */,
			);
			defaultConfigurationIsVisible = 0;
			defaultConfigurationName = Release;
		};
		B5A3F9992497F8F300192843 /* Build configuration list for PBXNativeTarget "SkeletonMarvelTests" */ = {
			isa = XCConfigurationList;
			buildConfigurations = (
				B5A3F99A2497F8F300192843 /* Debug */,
				B5A3F99B2497F8F300192843 /* Release */,
			);
			defaultConfigurationIsVisible = 0;
			defaultConfigurationName = Release;
		};
/* End XCConfigurationList section */
	};
	rootObject = B5A3F96F2497F8F100192843 /* Project object */;
}
